
Microsoft Visual Studio Solution File, Format Version 12.00
# Visual Studio Version 17
VisualStudioVersion = 17.1.32228.430
MinimumVisualStudioVersion = 10.0.40219.1
Project("{FAE04EC0-301F-11D3-BF4B-00C04F79EFBC}") = "Methods Exercise 1", "Methods Exercise 1\Methods Exercise 1.csproj", "{401ACBA2-DC08-45D5-8648-25E9405120A0}"
EndProject
Global
	GlobalSection(SolutionConfigurationPlatforms) = preSolution
		Debug|Any CPU = Debug|Any CPU
		Release|Any CPU = Release|Any CPU
	EndGlobalSection
	GlobalSection(ProjectConfigurationPlatforms) = postSolution
		{401ACBA2-DC08-45D5-8648-25E9405120A0}.Debug|Any CPU.ActiveCfg = Debug|Any CPU
		{401ACBA2-DC08-45D5-8648-25E9405120A0}.Debug|Any CPU.Build.0 = Debug|Any CPU
		{401ACBA2-DC08-45D5-8648-25E9405120A0}.Release|Any CPU.ActiveCfg = Release|Any CPU
		{401ACBA2-DC08-45D5-8648-25E9405120A0}.Release|Any CPU.Build.0 = Release|Any CPU
	EndGlobalSection
	GlobalSection(SolutionProperties) = preSolution
		HideSolutionNode = FALSE
	EndGlobalSection
	GlobalSection(ExtensibilityGlobals) = postSolution
		SolutionGuid = {323DE809-4B3C-4560-A6D8-93BEFED33B4C}
	EndGlobalSection
EndGlobal
